
Microsoft Visual Studio Solution File, Format Version 12.00
# Visual Studio Version 17
VisualStudioVersion = 17.5.33414.496
MinimumVisualStudioVersion = 10.0.40219.1
Project("{FAE04EC0-301F-11D3-BF4B-00C04F79EFBC}") = "Idea1", "Idea1\Idea1.csproj", "{8F7AF64B-AC65-4A8C-8DDE-6D3C09D102C5}"
EndProject
Global
	GlobalSection(SolutionConfigurationPlatforms) = preSolution
		Debug|Any CPU = Debug|Any CPU
		Release|Any CPU = Release|Any CPU
	EndGlobalSection
	GlobalSection(ProjectConfigurationPlatforms) = postSolution
		{8F7AF64B-AC65-4A8C-8DDE-6D3C09D102C5}.Debug|Any CPU.ActiveCfg = Debug|Any CPU
		{8F7AF64B-AC65-4A8C-8DDE-6D3C09D102C5}.Debug|Any CPU.Build.0 = Debug|Any CPU
		{8F7AF64B-AC65-4A8C-8DDE-6D3C09D102C5}.Release|Any CPU.ActiveCfg = Release|Any CPU
		{8F7AF64B-AC65-4A8C-8DDE-6D3C09D102C5}.Release|Any CPU.Build.0 = Release|Any CPU
	EndGlobalSection
	GlobalSection(SolutionProperties) = preSolution
		HideSolutionNode = FALSE
	EndGlobalSection
	GlobalSection(ExtensibilityGlobals) = postSolution
		SolutionGuid = {7CF20BE0-76B7-4385-8CC0-E9EED89FCC60}
	EndGlobalSection
EndGlobal
